// !$*UTF8*$!
{
	archiveVersion = 1;
	classes = {
	};
	objectVersion = 50;
	objects = {

/* Begin PBXBuildFile section */
		770B4A27218909C40015D6AA /* LifestyleViewController.swift in Sources */ = {isa = PBXBuildFile; fileRef = 770B4A26218909C40015D6AA /* LifestyleViewController.swift */; };
		7724B23A212A8F9C0071C460 /* UserSettingsTableViewController.swift in Sources */ = {isa = PBXBuildFile; fileRef = 7724B239212A8F9C0071C460 /* UserSettingsTableViewController.swift */; };
		775B18E5219D043600F74EE2 /* TopicDetailCollectionViewCell.swift in Sources */ = {isa = PBXBuildFile; fileRef = 775B18E4219D043600F74EE2 /* TopicDetailCollectionViewCell.swift */; };
		7764D9B9219240DB00F7EFE1 /* SearchTableViewCell.swift in Sources */ = {isa = PBXBuildFile; fileRef = 7764D9B8219240DB00F7EFE1 /* SearchTableViewCell.swift */; };
		7764D9BB21927F2B00F7EFE1 /* Hashtag.swift in Sources */ = {isa = PBXBuildFile; fileRef = 7764D9BA21927F2B00F7EFE1 /* Hashtag.swift */; };
		7776DC3021814B3700542D2C /* MySavedPostsApi.swift in Sources */ = {isa = PBXBuildFile; fileRef = 7776DC2F21814B3700542D2C /* MySavedPostsApi.swift */; };
		7779570E2187B93100A671C2 /* SavedPostsCollectionViewCell.swift in Sources */ = {isa = PBXBuildFile; fileRef = 7779570D2187B93100A671C2 /* SavedPostsCollectionViewCell.swift */; };
		778D2A15218F9432007CA6CD /* HelpViewController.swift in Sources */ = {isa = PBXBuildFile; fileRef = 778D2A14218F9432007CA6CD /* HelpViewController.swift */; };
		7799A1F3217900B500A1DF91 /* TopicImageCollectionViewCell.swift in Sources */ = {isa = PBXBuildFile; fileRef = 7799A1F2217900B500A1DF91 /* TopicImageCollectionViewCell.swift */; };
		779AC4932175828E000BE905 /* Extensions.swift in Sources */ = {isa = PBXBuildFile; fileRef = 779AC4922175828E000BE905 /* Extensions.swift */; };
		779AC49721765FFD000BE905 /* DetailPostTableViewCell.swift in Sources */ = {isa = PBXBuildFile; fileRef = 779AC49621765FFD000BE905 /* DetailPostTableViewCell.swift */; };
		779AC65221B1B86500F108AC /* BlockingApi.swift in Sources */ = {isa = PBXBuildFile; fileRef = 779AC65121B1B86500F108AC /* BlockingApi.swift */; };
		779AC65921B1FBF500F108AC /* BlockingHelper.swift in Sources */ = {isa = PBXBuildFile; fileRef = 779AC65821B1FBF500F108AC /* BlockingHelper.swift */; };
		77BE161521B0B38000609F20 /* TechViewController.swift in Sources */ = {isa = PBXBuildFile; fileRef = 77BE161421B0B38000609F20 /* TechViewController.swift */; };
		77BE161721B0BB3F00609F20 /* TravelViewController.swift in Sources */ = {isa = PBXBuildFile; fileRef = 77BE161621B0BB3F00609F20 /* TravelViewController.swift */; };
		77BE161921B0BB4B00609F20 /* FoodViewController.swift in Sources */ = {isa = PBXBuildFile; fileRef = 77BE161821B0BB4B00609F20 /* FoodViewController.swift */; };
		77BE161B21B0BB5600609F20 /* PoliticsViewController.swift in Sources */ = {isa = PBXBuildFile; fileRef = 77BE161A21B0BB5600609F20 /* PoliticsViewController.swift */; };
		77BE161D21B0BB6100609F20 /* MediaViewController.swift in Sources */ = {isa = PBXBuildFile; fileRef = 77BE161C21B0BB6100609F20 /* MediaViewController.swift */; };
		77BE161F21B0BB6B00609F20 /* EducationViewController.swift in Sources */ = {isa = PBXBuildFile; fileRef = 77BE161E21B0BB6B00609F20 /* EducationViewController.swift */; };
		77BE162121B0BB7A00609F20 /* FinanceViewController.swift in Sources */ = {isa = PBXBuildFile; fileRef = 77BE162021B0BB7A00609F20 /* FinanceViewController.swift */; };
		77BE162321B0BB8700609F20 /* HealthViewController.swift in Sources */ = {isa = PBXBuildFile; fileRef = 77BE162221B0BB8700609F20 /* HealthViewController.swift */; };
		77BE162521B0BB9000609F20 /* BeautyViewController.swift in Sources */ = {isa = PBXBuildFile; fileRef = 77BE162421B0BB9000609F20 /* BeautyViewController.swift */; };
		77C826B1211B8C4200094A49 /* LaunchScreen.storyboard in Resources */ = {isa = PBXBuildFile; fileRef = 77C826B0211B8C4200094A49 /* LaunchScreen.storyboard */; };
		77D73389218BD0010090D8DC /* ReportBugViewController.swift in Sources */ = {isa = PBXBuildFile; fileRef = 77D73388218BD0010090D8DC /* ReportBugViewController.swift */; };
		77EE522F211BDC630065E364 /* CreatePost.storyboard in Resources */ = {isa = PBXBuildFile; fileRef = 77EE5228211BDC630065E364 /* CreatePost.storyboard */; };
		77EE5230211BDC630065E364 /* SavedPost.storyboard in Resources */ = {isa = PBXBuildFile; fileRef = 77EE5229211BDC630065E364 /* SavedPost.storyboard */; };
		77EE5231211BDC630065E364 /* Home.storyboard in Resources */ = {isa = PBXBuildFile; fileRef = 77EE522A211BDC630065E364 /* Home.storyboard */; };
		77EE5232211BDC630065E364 /* Main.storyboard in Resources */ = {isa = PBXBuildFile; fileRef = 77EE522B211BDC630065E364 /* Main.storyboard */; };
		77EE5233211BDC630065E364 /* Start.storyboard in Resources */ = {isa = PBXBuildFile; fileRef = 77EE522C211BDC630065E364 /* Start.storyboard */; };
		77EE5234211BDC630065E364 /* Profile.storyboard in Resources */ = {isa = PBXBuildFile; fileRef = 77EE522D211BDC630065E364 /* Profile.storyboard */; };
		77EE523F211BDC790065E364 /* FollowApi.swift in Sources */ = {isa = PBXBuildFile; fileRef = 77EE5236211BDC780065E364 /* FollowApi.swift */; };
		77EE5241211BDC790065E364 /* MyPostsApi.swift in Sources */ = {isa = PBXBuildFile; fileRef = 77EE5238211BDC780065E364 /* MyPostsApi.swift */; };
		77EE5242211BDC790065E364 /* FeedApi.swift in Sources */ = {isa = PBXBuildFile; fileRef = 77EE5239211BDC790065E364 /* FeedApi.swift */; };
		77EE5243211BDC790065E364 /* UserApi.swift in Sources */ = {isa = PBXBuildFile; fileRef = 77EE523A211BDC790065E364 /* UserApi.swift */; };
		77EE5244211BDC790065E364 /* PostApi.swift in Sources */ = {isa = PBXBuildFile; fileRef = 77EE523B211BDC790065E364 /* PostApi.swift */; };
		77EE5246211BDC790065E364 /* Api.swift in Sources */ = {isa = PBXBuildFile; fileRef = 77EE523D211BDC790065E364 /* Api.swift */; };
		77EE5247211BDC790065E364 /* HashTagApi.swift in Sources */ = {isa = PBXBuildFile; fileRef = 77EE523E211BDC790065E364 /* HashTagApi.swift */; };
		77EE524A211BDCB70065E364 /* HelperService.swift in Sources */ = {isa = PBXBuildFile; fileRef = 77EE5248211BDCB70065E364 /* HelperService.swift */; };
		77EE524B211BDCB70065E364 /* AuthService.swift in Sources */ = {isa = PBXBuildFile; fileRef = 77EE5249211BDCB70065E364 /* AuthService.swift */; };
		77EE524D211BDCCC0065E364 /* Config.swift in Sources */ = {isa = PBXBuildFile; fileRef = 77EE524C211BDCCC0065E364 /* Config.swift */; };
		77EE5252211BDCD90065E364 /* Post.swift in Sources */ = {isa = PBXBuildFile; fileRef = 77EE524F211BDCD80065E364 /* Post.swift */; };
		77EE5253211BDCD90065E364 /* User.swift in Sources */ = {isa = PBXBuildFile; fileRef = 77EE5250211BDCD90065E364 /* User.swift */; };
		77EE525B211BDCF60065E364 /* PeopleTableViewCell.swift in Sources */ = {isa = PBXBuildFile; fileRef = 77EE5254211BDCF50065E364 /* PeopleTableViewCell.swift */; };
		77EE525C211BDCF60065E364 /* ProfilePosts.swift in Sources */ = {isa = PBXBuildFile; fileRef = 77EE5255211BDCF50065E364 /* ProfilePosts.swift */; };
		77EE525D211BDCF60065E364 /* HeaderProfileCollectionReusableView.swift in Sources */ = {isa = PBXBuildFile; fileRef = 77EE5256211BDCF50065E364 /* HeaderProfileCollectionReusableView.swift */; };
		77EE525F211BDCF60065E364 /* HomeTableViewCell.swift in Sources */ = {isa = PBXBuildFile; fileRef = 77EE5258211BDCF60065E364 /* HomeTableViewCell.swift */; };
		77EE5270211BDCFF0065E364 /* SignUpViewController.swift in Sources */ = {isa = PBXBuildFile; fileRef = 77EE5262211BDCFE0065E364 /* SignUpViewController.swift */; };
		77EE5272211BDCFF0065E364 /* DetailViewController.swift in Sources */ = {isa = PBXBuildFile; fileRef = 77EE5264211BDCFF0065E364 /* DetailViewController.swift */; };
		77EE5273211BDCFF0065E364 /* HomeViewController.swift in Sources */ = {isa = PBXBuildFile; fileRef = 77EE5265211BDCFF0065E364 /* HomeViewController.swift */; };
		77EE5274211BDCFF0065E364 /* ProfileUserViewController.swift in Sources */ = {isa = PBXBuildFile; fileRef = 77EE5266211BDCFF0065E364 /* ProfileUserViewController.swift */; };
		77EE5276211BDCFF0065E364 /* SignInViewController.swift in Sources */ = {isa = PBXBuildFile; fileRef = 77EE5268211BDCFF0065E364 /* SignInViewController.swift */; };
		77EE5278211BDCFF0065E364 /* SettingTableViewController.swift in Sources */ = {isa = PBXBuildFile; fileRef = 77EE526A211BDCFF0065E364 /* SettingTableViewController.swift */; };
		77EE5279211BDCFF0065E364 /* SearchViewController.swift in Sources */ = {isa = PBXBuildFile; fileRef = 77EE526B211BDCFF0065E364 /* SearchViewController.swift */; };
		77EE527A211BDCFF0065E364 /* CreatePostViewController.swift in Sources */ = {isa = PBXBuildFile; fileRef = 77EE526C211BDCFF0065E364 /* CreatePostViewController.swift */; };
		77EE527B211BDCFF0065E364 /* ProfileViewController.swift in Sources */ = {isa = PBXBuildFile; fileRef = 77EE526D211BDCFF0065E364 /* ProfileViewController.swift */; };
		77EE527C211BDCFF0065E364 /* SavedPostsViewController.swift in Sources */ = {isa = PBXBuildFile; fileRef = 77EE526E211BDCFF0065E364 /* SavedPostsViewController.swift */; };
		77EE528F211C9DC30065E364 /* Default-568h@2x.png in Resources */ = {isa = PBXBuildFile; fileRef = 77EE528E211C9DC30065E364 /* Default-568h@2x.png */; };
		77F1EF3A211B837300A6F736 /* AppDelegate.swift in Sources */ = {isa = PBXBuildFile; fileRef = 77F1EF39211B837300A6F736 /* AppDelegate.swift */; };
		77F1EF41211B837500A6F736 /* Assets.xcassets in Resources */ = {isa = PBXBuildFile; fileRef = 77F1EF40211B837500A6F736 /* Assets.xcassets */; };
		77F1EF4F211B837500A6F736 /* JunderaTests.swift in Sources */ = {isa = PBXBuildFile; fileRef = 77F1EF4E211B837500A6F736 /* JunderaTests.swift */; };
		77F1EF5A211B83E300A6F736 /* GoogleService-Info.plist in Resources */ = {isa = PBXBuildFile; fileRef = 77F1EF59211B83E200A6F736 /* GoogleService-Info.plist */; };
		FCCB581FA9876A08FAF66C43 /* Pods_Jundera.framework in Frameworks */ = {isa = PBXBuildFile; fileRef = FA3F92B613BE9A6A9FB5B203 /* Pods_Jundera.framework */; };
/* End PBXBuildFile section */

/* Begin PBXContainerItemProxy section */
		77F1EF4B211B837500A6F736 /* PBXContainerItemProxy */ = {
			isa = PBXContainerItemProxy;
			containerPortal = 77F1EF2E211B837300A6F736 /* Project object */;
			proxyType = 1;
			remoteGlobalIDString = 77F1EF35211B837300A6F736;
			remoteInfo = Jundera;
		};
/* End PBXContainerItemProxy section */

/* Begin PBXFileReference section */
		1687317C2DCB1D48B0D1D476 /* Pods-Jundera.release.xcconfig */ = {isa = PBXFileReference; includeInIndex = 1; lastKnownFileType = text.xcconfig; name = "Pods-Jundera.release.xcconfig"; path = "Pods/Target Support Files/Pods-Jundera/Pods-Jundera.release.xcconfig"; sourceTree = "<group>"; };
		770B4A26218909C40015D6AA /* LifestyleViewController.swift */ = {isa = PBXFileReference; lastKnownFileType = sourcecode.swift; path = LifestyleViewController.swift; sourceTree = "<group>"; };
		7724B239212A8F9C0071C460 /* UserSettingsTableViewController.swift */ = {isa = PBXFileReference; lastKnownFileType = sourcecode.swift; path = UserSettingsTableViewController.swift; sourceTree = "<group>"; };
		775B18E4219D043600F74EE2 /* TopicDetailCollectionViewCell.swift */ = {isa = PBXFileReference; lastKnownFileType = sourcecode.swift; path = TopicDetailCollectionViewCell.swift; sourceTree = "<group>"; };
		7764D9B8219240DB00F7EFE1 /* SearchTableViewCell.swift */ = {isa = PBXFileReference; lastKnownFileType = sourcecode.swift; path = SearchTableViewCell.swift; sourceTree = "<group>"; };
		7764D9BA21927F2B00F7EFE1 /* Hashtag.swift */ = {isa = PBXFileReference; lastKnownFileType = sourcecode.swift; path = Hashtag.swift; sourceTree = "<group>"; };
		7776DC2F21814B3700542D2C /* MySavedPostsApi.swift */ = {isa = PBXFileReference; lastKnownFileType = sourcecode.swift; path = MySavedPostsApi.swift; sourceTree = "<group>"; };
		7779570D2187B93100A671C2 /* SavedPostsCollectionViewCell.swift */ = {isa = PBXFileReference; lastKnownFileType = sourcecode.swift; path = SavedPostsCollectionViewCell.swift; sourceTree = "<group>"; };
		778D2A14218F9432007CA6CD /* HelpViewController.swift */ = {isa = PBXFileReference; lastKnownFileType = sourcecode.swift; path = HelpViewController.swift; sourceTree = "<group>"; };
		7799A1F2217900B500A1DF91 /* TopicImageCollectionViewCell.swift */ = {isa = PBXFileReference; lastKnownFileType = sourcecode.swift; path = TopicImageCollectionViewCell.swift; sourceTree = "<group>"; };
		779AC4922175828E000BE905 /* Extensions.swift */ = {isa = PBXFileReference; lastKnownFileType = sourcecode.swift; path = Extensions.swift; sourceTree = "<group>"; };
		779AC49621765FFD000BE905 /* DetailPostTableViewCell.swift */ = {isa = PBXFileReference; lastKnownFileType = sourcecode.swift; path = DetailPostTableViewCell.swift; sourceTree = "<group>"; };
		779AC65121B1B86500F108AC /* BlockingApi.swift */ = {isa = PBXFileReference; lastKnownFileType = sourcecode.swift; path = BlockingApi.swift; sourceTree = "<group>"; };
		779AC65821B1FBF500F108AC /* BlockingHelper.swift */ = {isa = PBXFileReference; lastKnownFileType = sourcecode.swift; path = BlockingHelper.swift; sourceTree = "<group>"; };
		77BCA80B2179621100F4AF32 /* FoldingCell.framework */ = {isa = PBXFileReference; lastKnownFileType = wrapper.framework; name = FoldingCell.framework; path = "../../Library/Developer/Xcode/DerivedData/FoldingCell-amuygqodqeojuncalioaolkondfi/Build/Products/Debug-iphonesimulator/FoldingCell.framework"; sourceTree = "<group>"; };
		77BE161421B0B38000609F20 /* TechViewController.swift */ = {isa = PBXFileReference; lastKnownFileType = sourcecode.swift; path = TechViewController.swift; sourceTree = "<group>"; };
		77BE161621B0BB3F00609F20 /* TravelViewController.swift */ = {isa = PBXFileReference; lastKnownFileType = sourcecode.swift; path = TravelViewController.swift; sourceTree = "<group>"; };
		77BE161821B0BB4B00609F20 /* FoodViewController.swift */ = {isa = PBXFileReference; lastKnownFileType = sourcecode.swift; path = FoodViewController.swift; sourceTree = "<group>"; };
		77BE161A21B0BB5600609F20 /* PoliticsViewController.swift */ = {isa = PBXFileReference; lastKnownFileType = sourcecode.swift; path = PoliticsViewController.swift; sourceTree = "<group>"; };
		77BE161C21B0BB6100609F20 /* MediaViewController.swift */ = {isa = PBXFileReference; lastKnownFileType = sourcecode.swift; path = MediaViewController.swift; sourceTree = "<group>"; };
		77BE161E21B0BB6B00609F20 /* EducationViewController.swift */ = {isa = PBXFileReference; lastKnownFileType = sourcecode.swift; path = EducationViewController.swift; sourceTree = "<group>"; };
		77BE162021B0BB7A00609F20 /* FinanceViewController.swift */ = {isa = PBXFileReference; lastKnownFileType = sourcecode.swift; path = FinanceViewController.swift; sourceTree = "<group>"; };
		77BE162221B0BB8700609F20 /* HealthViewController.swift */ = {isa = PBXFileReference; lastKnownFileType = sourcecode.swift; path = HealthViewController.swift; sourceTree = "<group>"; };
		77BE162421B0BB9000609F20 /* BeautyViewController.swift */ = {isa = PBXFileReference; lastKnownFileType = sourcecode.swift; path = BeautyViewController.swift; sourceTree = "<group>"; };
		77C826B0211B8C4200094A49 /* LaunchScreen.storyboard */ = {isa = PBXFileReference; fileEncoding = 4; lastKnownFileType = file.storyboard; path = LaunchScreen.storyboard; sourceTree = "<group>"; };
		77D73388218BD0010090D8DC /* ReportBugViewController.swift */ = {isa = PBXFileReference; lastKnownFileType = sourcecode.swift; path = ReportBugViewController.swift; sourceTree = "<group>"; };
		77EE5228211BDC630065E364 /* CreatePost.storyboard */ = {isa = PBXFileReference; fileEncoding = 4; lastKnownFileType = file.storyboard; path = CreatePost.storyboard; sourceTree = "<group>"; };
		77EE5229211BDC630065E364 /* SavedPost.storyboard */ = {isa = PBXFileReference; fileEncoding = 4; lastKnownFileType = file.storyboard; path = SavedPost.storyboard; sourceTree = "<group>"; };
		77EE522A211BDC630065E364 /* Home.storyboard */ = {isa = PBXFileReference; fileEncoding = 4; lastKnownFileType = file.storyboard; path = Home.storyboard; sourceTree = "<group>"; };
		77EE522B211BDC630065E364 /* Main.storyboard */ = {isa = PBXFileReference; fileEncoding = 4; lastKnownFileType = file.storyboard; path = Main.storyboard; sourceTree = "<group>"; };
		77EE522C211BDC630065E364 /* Start.storyboard */ = {isa = PBXFileReference; fileEncoding = 4; lastKnownFileType = file.storyboard; path = Start.storyboard; sourceTree = "<group>"; };
		77EE522D211BDC630065E364 /* Profile.storyboard */ = {isa = PBXFileReference; fileEncoding = 4; lastKnownFileType = file.storyboard; path = Profile.storyboard; sourceTree = "<group>"; };
		77EE5236211BDC780065E364 /* FollowApi.swift */ = {isa = PBXFileReference; fileEncoding = 4; lastKnownFileType = sourcecode.swift; path = FollowApi.swift; sourceTree = "<group>"; };
		77EE5238211BDC780065E364 /* MyPostsApi.swift */ = {isa = PBXFileReference; fileEncoding = 4; lastKnownFileType = sourcecode.swift; path = MyPostsApi.swift; sourceTree = "<group>"; };
		77EE5239211BDC790065E364 /* FeedApi.swift */ = {isa = PBXFileReference; fileEncoding = 4; lastKnownFileType = sourcecode.swift; path = FeedApi.swift; sourceTree = "<group>"; };
		77EE523A211BDC790065E364 /* UserApi.swift */ = {isa = PBXFileReference; fileEncoding = 4; lastKnownFileType = sourcecode.swift; path = UserApi.swift; sourceTree = "<group>"; };
		77EE523B211BDC790065E364 /* PostApi.swift */ = {isa = PBXFileReference; fileEncoding = 4; lastKnownFileType = sourcecode.swift; path = PostApi.swift; sourceTree = "<group>"; };
		77EE523D211BDC790065E364 /* Api.swift */ = {isa = PBXFileReference; fileEncoding = 4; lastKnownFileType = sourcecode.swift; path = Api.swift; sourceTree = "<group>"; };
		77EE523E211BDC790065E364 /* HashTagApi.swift */ = {isa = PBXFileReference; fileEncoding = 4; lastKnownFileType = sourcecode.swift; path = HashTagApi.swift; sourceTree = "<group>"; };
		77EE5248211BDCB70065E364 /* HelperService.swift */ = {isa = PBXFileReference; fileEncoding = 4; lastKnownFileType = sourcecode.swift; path = HelperService.swift; sourceTree = "<group>"; };
		77EE5249211BDCB70065E364 /* AuthService.swift */ = {isa = PBXFileReference; fileEncoding = 4; lastKnownFileType = sourcecode.swift; path = AuthService.swift; sourceTree = "<group>"; };
		77EE524C211BDCCC0065E364 /* Config.swift */ = {isa = PBXFileReference; fileEncoding = 4; lastKnownFileType = sourcecode.swift; path = Config.swift; sourceTree = "<group>"; };
		77EE524F211BDCD80065E364 /* Post.swift */ = {isa = PBXFileReference; fileEncoding = 4; lastKnownFileType = sourcecode.swift; path = Post.swift; sourceTree = "<group>"; };
		77EE5250211BDCD90065E364 /* User.swift */ = {isa = PBXFileReference; fileEncoding = 4; lastKnownFileType = sourcecode.swift; path = User.swift; sourceTree = "<group>"; };
		77EE5254211BDCF50065E364 /* PeopleTableViewCell.swift */ = {isa = PBXFileReference; fileEncoding = 4; lastKnownFileType = sourcecode.swift; path = PeopleTableViewCell.swift; sourceTree = "<group>"; };
		77EE5255211BDCF50065E364 /* ProfilePosts.swift */ = {isa = PBXFileReference; fileEncoding = 4; lastKnownFileType = sourcecode.swift; path = ProfilePosts.swift; sourceTree = "<group>"; };
		77EE5256211BDCF50065E364 /* HeaderProfileCollectionReusableView.swift */ = {isa = PBXFileReference; fileEncoding = 4; lastKnownFileType = sourcecode.swift; path = HeaderProfileCollectionReusableView.swift; sourceTree = "<group>"; };
		77EE5258211BDCF60065E364 /* HomeTableViewCell.swift */ = {isa = PBXFileReference; fileEncoding = 4; lastKnownFileType = sourcecode.swift; path = HomeTableViewCell.swift; sourceTree = "<group>"; };
		77EE5262211BDCFE0065E364 /* SignUpViewController.swift */ = {isa = PBXFileReference; fileEncoding = 4; lastKnownFileType = sourcecode.swift; path = SignUpViewController.swift; sourceTree = "<group>"; };
		77EE5264211BDCFF0065E364 /* DetailViewController.swift */ = {isa = PBXFileReference; fileEncoding = 4; lastKnownFileType = sourcecode.swift; path = DetailViewController.swift; sourceTree = "<group>"; };
		77EE5265211BDCFF0065E364 /* HomeViewController.swift */ = {isa = PBXFileReference; fileEncoding = 4; lastKnownFileType = sourcecode.swift; path = HomeViewController.swift; sourceTree = "<group>"; };
		77EE5266211BDCFF0065E364 /* ProfileUserViewController.swift */ = {isa = PBXFileReference; fileEncoding = 4; lastKnownFileType = sourcecode.swift; path = ProfileUserViewController.swift; sourceTree = "<group>"; };
		77EE5268211BDCFF0065E364 /* SignInViewController.swift */ = {isa = PBXFileReference; fileEncoding = 4; lastKnownFileType = sourcecode.swift; path = SignInViewController.swift; sourceTree = "<group>"; };
		77EE526A211BDCFF0065E364 /* SettingTableViewController.swift */ = {isa = PBXFileReference; fileEncoding = 4; lastKnownFileType = sourcecode.swift; path = SettingTableViewController.swift; sourceTree = "<group>"; };
		77EE526B211BDCFF0065E364 /* SearchViewController.swift */ = {isa = PBXFileReference; fileEncoding = 4; lastKnownFileType = sourcecode.swift; path = SearchViewController.swift; sourceTree = "<group>"; };
		77EE526C211BDCFF0065E364 /* CreatePostViewController.swift */ = {isa = PBXFileReference; fileEncoding = 4; lastKnownFileType = sourcecode.swift; path = CreatePostViewController.swift; sourceTree = "<group>"; };
		77EE526D211BDCFF0065E364 /* ProfileViewController.swift */ = {isa = PBXFileReference; fileEncoding = 4; lastKnownFileType = sourcecode.swift; path = ProfileViewController.swift; sourceTree = "<group>"; };
		77EE526E211BDCFF0065E364 /* SavedPostsViewController.swift */ = {isa = PBXFileReference; fileEncoding = 4; lastKnownFileType = sourcecode.swift; path = SavedPostsViewController.swift; sourceTree = "<group>"; };
		77EE528E211C9DC30065E364 /* Default-568h@2x.png */ = {isa = PBXFileReference; lastKnownFileType = image.png; path = "Default-568h@2x.png"; sourceTree = "<group>"; };
		77F1EF36211B837300A6F736 /* Balapoint.app */ = {isa = PBXFileReference; explicitFileType = wrapper.application; includeInIndex = 0; path = Balapoint.app; sourceTree = BUILT_PRODUCTS_DIR; };
		77F1EF39211B837300A6F736 /* AppDelegate.swift */ = {isa = PBXFileReference; lastKnownFileType = sourcecode.swift; path = AppDelegate.swift; sourceTree = "<group>"; };
		77F1EF40211B837500A6F736 /* Assets.xcassets */ = {isa = PBXFileReference; lastKnownFileType = folder.assetcatalog; path = Assets.xcassets; sourceTree = "<group>"; };
		77F1EF45211B837500A6F736 /* Info.plist */ = {isa = PBXFileReference; lastKnownFileType = text.plist.xml; path = Info.plist; sourceTree = "<group>"; };
		77F1EF4A211B837500A6F736 /* JunderaTests.xctest */ = {isa = PBXFileReference; explicitFileType = wrapper.cfbundle; includeInIndex = 0; path = JunderaTests.xctest; sourceTree = BUILT_PRODUCTS_DIR; };
		77F1EF4E211B837500A6F736 /* JunderaTests.swift */ = {isa = PBXFileReference; lastKnownFileType = sourcecode.swift; path = JunderaTests.swift; sourceTree = "<group>"; };
		77F1EF50211B837500A6F736 /* Info.plist */ = {isa = PBXFileReference; lastKnownFileType = text.plist.xml; path = Info.plist; sourceTree = "<group>"; };
		77F1EF59211B83E200A6F736 /* GoogleService-Info.plist */ = {isa = PBXFileReference; fileEncoding = 4; lastKnownFileType = text.plist.xml; path = "GoogleService-Info.plist"; sourceTree = "<group>"; };
		9FC0B253E598B62A10199A9C /* Pods-Jundera.debug.xcconfig */ = {isa = PBXFileReference; includeInIndex = 1; lastKnownFileType = text.xcconfig; name = "Pods-Jundera.debug.xcconfig"; path = "Pods/Target Support Files/Pods-Jundera/Pods-Jundera.debug.xcconfig"; sourceTree = "<group>"; };
		FA3F92B613BE9A6A9FB5B203 /* Pods_Jundera.framework */ = {isa = PBXFileReference; explicitFileType = wrapper.framework; includeInIndex = 0; path = Pods_Jundera.framework; sourceTree = BUILT_PRODUCTS_DIR; };
/* End PBXFileReference section */

/* Begin PBXFrameworksBuildPhase section */
		77F1EF33211B837300A6F736 /* Frameworks */ = {
			isa = PBXFrameworksBuildPhase;
			buildActionMask = 2147483647;
			files = (
				FCCB581FA9876A08FAF66C43 /* Pods_Jundera.framework in Frameworks */,
			);
			runOnlyForDeploymentPostprocessing = 0;
		};
		77F1EF47211B837500A6F736 /* Frameworks */ = {
			isa = PBXFrameworksBuildPhase;
			buildActionMask = 2147483647;
			files = (
			);
			runOnlyForDeploymentPostprocessing = 0;
		};
/* End PBXFrameworksBuildPhase section */

/* Begin PBXGroup section */
		770BD3F7216FBE8500FFAB86 /* Home */ = {
			isa = PBXGroup;
			children = (
				77EE5265211BDCFF0065E364 /* HomeViewController.swift */,
			);
			path = Home;
			sourceTree = "<group>";
		};
		770BD3F8216FBE8C00FFAB86 /* Saved */ = {
			isa = PBXGroup;
			children = (
				77EE526E211BDCFF0065E364 /* SavedPostsViewController.swift */,
			);
			path = Saved;
			sourceTree = "<group>";
		};
		770BD3F9216FBE9200FFAB86 /* Profile */ = {
			isa = PBXGroup;
			children = (
				770BD3FF216FC02E00FFAB86 /* Edit */,
				770BD3FD216FBFF500FFAB86 /* Settings */,
				77EE526D211BDCFF0065E364 /* ProfileViewController.swift */,
				77EE5266211BDCFF0065E364 /* ProfileUserViewController.swift */,
			);
			path = Profile;
			sourceTree = "<group>";
		};
		770BD3FA216FBEDD00FFAB86 /* Create */ = {
			isa = PBXGroup;
			children = (
				77EE526C211BDCFF0065E364 /* CreatePostViewController.swift */,
			);
			path = Create;
			sourceTree = "<group>";
		};
		770BD3FB216FBFC900FFAB86 /* SignIn */ = {
			isa = PBXGroup;
			children = (
				77EE5268211BDCFF0065E364 /* SignInViewController.swift */,
			);
			path = SignIn;
			sourceTree = "<group>";
		};
		770BD3FC216FBFD400FFAB86 /* SignUp */ = {
			isa = PBXGroup;
			children = (
				77EE5262211BDCFE0065E364 /* SignUpViewController.swift */,
			);
			path = SignUp;
			sourceTree = "<group>";
		};
		770BD3FD216FBFF500FFAB86 /* Settings */ = {
			isa = PBXGroup;
			children = (
				7724B239212A8F9C0071C460 /* UserSettingsTableViewController.swift */,
				77D73388218BD0010090D8DC /* ReportBugViewController.swift */,
				778D2A14218F9432007CA6CD /* HelpViewController.swift */,
			);
			path = Settings;
			sourceTree = "<group>";
		};
		770BD3FE216FC00500FFAB86 /* Search */ = {
			isa = PBXGroup;
			children = (
				77EE526B211BDCFF0065E364 /* SearchViewController.swift */,
			);
			path = Search;
			sourceTree = "<group>";
		};
		770BD3FF216FC02E00FFAB86 /* Edit */ = {
			isa = PBXGroup;
			children = (
				77EE526A211BDCFF0065E364 /* SettingTableViewController.swift */,
			);
			path = Edit;
			sourceTree = "<group>";
		};
		770BD400216FC0D400FFAB86 /* DetailPost */ = {
			isa = PBXGroup;
			children = (
				77EE5264211BDCFF0065E364 /* DetailViewController.swift */,
			);
			path = DetailPost;
			sourceTree = "<group>";
		};
		7764D9B721923FB200F7EFE1 /* SearchView */ = {
			isa = PBXGroup;
			children = (
				7764D9B8219240DB00F7EFE1 /* SearchTableViewCell.swift */,
			);
			path = SearchView;
			sourceTree = "<group>";
		};
		7776DC2B218125E900542D2C /* Home */ = {
			isa = PBXGroup;
			children = (
				77EE5258211BDCF60065E364 /* HomeTableViewCell.swift */,
				7799A1F2217900B500A1DF91 /* TopicImageCollectionViewCell.swift */,
			);
			path = Home;
			sourceTree = "<group>";
		};
		7776DC2C218125F100542D2C /* Profile */ = {
			isa = PBXGroup;
			children = (
				77EE5256211BDCF50065E364 /* HeaderProfileCollectionReusableView.swift */,
				77EE5255211BDCF50065E364 /* ProfilePosts.swift */,
				77EE5254211BDCF50065E364 /* PeopleTableViewCell.swift */,
			);
			path = Profile;
			sourceTree = "<group>";
		};
		7776DC2D2181318900542D2C /* Topics */ = {
			isa = PBXGroup;
			children = (
				775B18E4219D043600F74EE2 /* TopicDetailCollectionViewCell.swift */,
			);
			path = Topics;
			sourceTree = "<group>";
		};
		7776DC2E218131B400542D2C /* DetailPost */ = {
			isa = PBXGroup;
			children = (
				779AC49621765FFD000BE905 /* DetailPostTableViewCell.swift */,
			);
			path = DetailPost;
			sourceTree = "<group>";
		};
		7779570C2187B8FB00A671C2 /* SavedPostsView */ = {
			isa = PBXGroup;
			children = (
				7779570D2187B93100A671C2 /* SavedPostsCollectionViewCell.swift */,
			);
			path = SavedPostsView;
			sourceTree = "<group>";
		};
		77BE161321B09E5200609F20 /* Topics */ = {
			isa = PBXGroup;
			children = (
				770B4A26218909C40015D6AA /* LifestyleViewController.swift */,
				77BE161421B0B38000609F20 /* TechViewController.swift */,
				77BE161621B0BB3F00609F20 /* TravelViewController.swift */,
				77BE161821B0BB4B00609F20 /* FoodViewController.swift */,
				77BE161A21B0BB5600609F20 /* PoliticsViewController.swift */,
				77BE161C21B0BB6100609F20 /* MediaViewController.swift */,
				77BE161E21B0BB6B00609F20 /* EducationViewController.swift */,
				77BE162021B0BB7A00609F20 /* FinanceViewController.swift */,
				77BE162221B0BB8700609F20 /* HealthViewController.swift */,
				77BE162421B0BB9000609F20 /* BeautyViewController.swift */,
			);
			path = Topics;
			sourceTree = "<group>";
		};
		77EE5220211BD9520065E364 /* Storyboards */ = {
			isa = PBXGroup;
			children = (
				77EE522B211BDC630065E364 /* Main.storyboard */,
				77EE522C211BDC630065E364 /* Start.storyboard */,
				77EE522A211BDC630065E364 /* Home.storyboard */,
				77EE5228211BDC630065E364 /* CreatePost.storyboard */,
				77EE5229211BDC630065E364 /* SavedPost.storyboard */,
				77EE522D211BDC630065E364 /* Profile.storyboard */,
			);
			path = Storyboards;
			sourceTree = "<group>";
		};
		77EE5221211BD95C0065E364 /* API */ = {
			isa = PBXGroup;
			children = (
				77EE523D211BDC790065E364 /* Api.swift */,
				77EE5239211BDC790065E364 /* FeedApi.swift */,
				77EE5236211BDC780065E364 /* FollowApi.swift */,
				77EE523E211BDC790065E364 /* HashTagApi.swift */,
				77EE5238211BDC780065E364 /* MyPostsApi.swift */,
				77EE523B211BDC790065E364 /* PostApi.swift */,
				77EE523A211BDC790065E364 /* UserApi.swift */,
				7776DC2F21814B3700542D2C /* MySavedPostsApi.swift */,
				779AC65121B1B86500F108AC /* BlockingApi.swift */,
			);
			path = API;
			sourceTree = "<group>";
		};
		77EE5222211BD9610065E364 /* Services */ = {
			isa = PBXGroup;
			children = (
				77EE5249211BDCB70065E364 /* AuthService.swift */,
				77EE5248211BDCB70065E364 /* HelperService.swift */,
			);
			path = Services;
			sourceTree = "<group>";
		};
		77EE5223211BD9660065E364 /* Helper */ = {
			isa = PBXGroup;
			children = (
				77F1EF39211B837300A6F736 /* AppDelegate.swift */,
				77EE524C211BDCCC0065E364 /* Config.swift */,
				779AC4922175828E000BE905 /* Extensions.swift */,
				779AC65821B1FBF500F108AC /* BlockingHelper.swift */,
			);
			path = Helper;
			sourceTree = "<group>";
		};
		77EE5224211BD96F0065E364 /* Utilities */ = {
			isa = PBXGroup;
			children = (
				77EE528E211C9DC30065E364 /* Default-568h@2x.png */,
				77F1EF40211B837500A6F736 /* Assets.xcassets */,
				77C826B0211B8C4200094A49 /* LaunchScreen.storyboard */,
			);
			path = Utilities;
			sourceTree = "<group>";
		};
		77EE5225211BD9790065E364 /* Controller */ = {
			isa = PBXGroup;
			children = (
				77BE161321B09E5200609F20 /* Topics */,
				770BD3FC216FBFD400FFAB86 /* SignUp */,
				770BD3FB216FBFC900FFAB86 /* SignIn */,
				770BD3F7216FBE8500FFAB86 /* Home */,
				770BD3FE216FC00500FFAB86 /* Search */,
				770BD3FA216FBEDD00FFAB86 /* Create */,
				770BD3F9216FBE9200FFAB86 /* Profile */,
				770BD3F8216FBE8C00FFAB86 /* Saved */,
				770BD400216FC0D400FFAB86 /* DetailPost */,
			);
			path = Controller;
			sourceTree = "<group>";
		};
		77EE5226211BD9800065E364 /* View */ = {
			isa = PBXGroup;
			children = (
				7764D9B721923FB200F7EFE1 /* SearchView */,
				7779570C2187B8FB00A671C2 /* SavedPostsView */,
				7776DC2E218131B400542D2C /* DetailPost */,
				7776DC2C218125F100542D2C /* Profile */,
				7776DC2B218125E900542D2C /* Home */,
				7776DC2D2181318900542D2C /* Topics */,
			);
			path = View;
			sourceTree = "<group>";
		};
		77EE5227211BD9860065E364 /* Model */ = {
			isa = PBXGroup;
			children = (
				77EE524F211BDCD80065E364 /* Post.swift */,
				77EE5250211BDCD90065E364 /* User.swift */,
				7764D9BA21927F2B00F7EFE1 /* Hashtag.swift */,
			);
			path = Model;
			sourceTree = "<group>";
		};
		77F1EF2D211B837300A6F736 = {
			isa = PBXGroup;
			children = (
				77F1EF38211B837300A6F736 /* Jundera */,
				77F1EF4D211B837500A6F736 /* JunderaTests */,
				77F1EF37211B837300A6F736 /* Products */,
				ED91CBF5533064CDA6DF16FC /* Pods */,
				8467FDC0E05DC576A238A759 /* Frameworks */,
			);
			sourceTree = "<group>";
		};
		77F1EF37211B837300A6F736 /* Products */ = {
			isa = PBXGroup;
			children = (
				77F1EF36211B837300A6F736 /* Balapoint.app */,
				77F1EF4A211B837500A6F736 /* JunderaTests.xctest */,
			);
			name = Products;
			sourceTree = "<group>";
		};
		77F1EF38211B837300A6F736 /* Jundera */ = {
			isa = PBXGroup;
			children = (
				77EE5227211BD9860065E364 /* Model */,
				77EE5226211BD9800065E364 /* View */,
				77EE5225211BD9790065E364 /* Controller */,
				77EE5224211BD96F0065E364 /* Utilities */,
				77EE5223211BD9660065E364 /* Helper */,
				77EE5222211BD9610065E364 /* Services */,
				77EE5221211BD95C0065E364 /* API */,
				77EE5220211BD9520065E364 /* Storyboards */,
				77F1EF45211B837500A6F736 /* Info.plist */,
				77F1EF59211B83E200A6F736 /* GoogleService-Info.plist */,
			);
			path = Jundera;
			sourceTree = "<group>";
		};
		77F1EF4D211B837500A6F736 /* JunderaTests */ = {
			isa = PBXGroup;
			children = (
				77F1EF4E211B837500A6F736 /* JunderaTests.swift */,
				77F1EF50211B837500A6F736 /* Info.plist */,
			);
			path = JunderaTests;
			sourceTree = "<group>";
		};
		8467FDC0E05DC576A238A759 /* Frameworks */ = {
			isa = PBXGroup;
			children = (
				77BCA80B2179621100F4AF32 /* FoldingCell.framework */,
				FA3F92B613BE9A6A9FB5B203 /* Pods_Jundera.framework */,
			);
			name = Frameworks;
			sourceTree = "<group>";
		};
		ED91CBF5533064CDA6DF16FC /* Pods */ = {
			isa = PBXGroup;
			children = (
				9FC0B253E598B62A10199A9C /* Pods-Jundera.debug.xcconfig */,
				1687317C2DCB1D48B0D1D476 /* Pods-Jundera.release.xcconfig */,
			);
			name = Pods;
			sourceTree = "<group>";
		};
/* End PBXGroup section */

/* Begin PBXNativeTarget section */
		77F1EF35211B837300A6F736 /* Jundera */ = {
			isa = PBXNativeTarget;
			buildConfigurationList = 77F1EF53211B837500A6F736 /* Build configuration list for PBXNativeTarget "Jundera" */;
			buildPhases = (
				0A7F89A4C8C2285056E0EDA4 /* [CP] Check Pods Manifest.lock */,
				77F1EF32211B837300A6F736 /* Sources */,
				77F1EF33211B837300A6F736 /* Frameworks */,
				77F1EF34211B837300A6F736 /* Resources */,
				05C28322B7736A65785803E3 /* [CP] Embed Pods Frameworks */,
			);
			buildRules = (
			);
			dependencies = (
			);
			name = Jundera;
			productName = Jundera;
			productReference = 77F1EF36211B837300A6F736 /* Balapoint.app */;
			productType = "com.apple.product-type.application";
		};
		77F1EF49211B837500A6F736 /* JunderaTests */ = {
			isa = PBXNativeTarget;
			buildConfigurationList = 77F1EF56211B837500A6F736 /* Build configuration list for PBXNativeTarget "JunderaTests" */;
			buildPhases = (
				77F1EF46211B837500A6F736 /* Sources */,
				77F1EF47211B837500A6F736 /* Frameworks */,
				77F1EF48211B837500A6F736 /* Resources */,
			);
			buildRules = (
			);
			dependencies = (
				77F1EF4C211B837500A6F736 /* PBXTargetDependency */,
			);
			name = JunderaTests;
			productName = JunderaTests;
			productReference = 77F1EF4A211B837500A6F736 /* JunderaTests.xctest */;
			productType = "com.apple.product-type.bundle.unit-test";
		};
/* End PBXNativeTarget section */

/* Begin PBXProject section */
		77F1EF2E211B837300A6F736 /* Project object */ = {
			isa = PBXProject;
			attributes = {
				LastSwiftUpdateCheck = 0940;
				LastUpgradeCheck = 0940;
				ORGANIZATIONNAME = "Gina De La Rosa";
				TargetAttributes = {
					77F1EF35211B837300A6F736 = {
						CreatedOnToolsVersion = 9.4.1;
						LastSwiftMigration = 0940;
					};
					77F1EF49211B837500A6F736 = {
						CreatedOnToolsVersion = 9.4.1;
						TestTargetID = 77F1EF35211B837300A6F736;
					};
				};
			};
			buildConfigurationList = 77F1EF31211B837300A6F736 /* Build configuration list for PBXProject "Balapoint" */;
			compatibilityVersion = "Xcode 9.3";
			developmentRegion = en;
			hasScannedForEncodings = 0;
			knownRegions = (
				en,
				Base,
			);
			mainGroup = 77F1EF2D211B837300A6F736;
			productRefGroup = 77F1EF37211B837300A6F736 /* Products */;
			projectDirPath = "";
			projectRoot = "";
			targets = (
				77F1EF35211B837300A6F736 /* Jundera */,
				77F1EF49211B837500A6F736 /* JunderaTests */,
			);
		};
/* End PBXProject section */

/* Begin PBXResourcesBuildPhase section */
		77F1EF34211B837300A6F736 /* Resources */ = {
			isa = PBXResourcesBuildPhase;
			buildActionMask = 2147483647;
			files = (
				77EE5231211BDC630065E364 /* Home.storyboard in Resources */,
				77F1EF5A211B83E300A6F736 /* GoogleService-Info.plist in Resources */,
				77EE5234211BDC630065E364 /* Profile.storyboard in Resources */,
				77EE5233211BDC630065E364 /* Start.storyboard in Resources */,
				77F1EF41211B837500A6F736 /* Assets.xcassets in Resources */,
				77EE5232211BDC630065E364 /* Main.storyboard in Resources */,
				77EE528F211C9DC30065E364 /* Default-568h@2x.png in Resources */,
				77C826B1211B8C4200094A49 /* LaunchScreen.storyboard in Resources */,
				77EE522F211BDC630065E364 /* CreatePost.storyboard in Resources */,
				77EE5230211BDC630065E364 /* SavedPost.storyboard in Resources */,
			);
			runOnlyForDeploymentPostprocessing = 0;
		};
		77F1EF48211B837500A6F736 /* Resources */ = {
			isa = PBXResourcesBuildPhase;
			buildActionMask = 2147483647;
			files = (
			);
			runOnlyForDeploymentPostprocessing = 0;
		};
/* End PBXResourcesBuildPhase section */

/* Begin PBXShellScriptBuildPhase section */
		05C28322B7736A65785803E3 /* [CP] Embed Pods Frameworks */ = {
			isa = PBXShellScriptBuildPhase;
			buildActionMask = 2147483647;
			files = (
			);
			inputPaths = (
				"${SRCROOT}/Pods/Target Support Files/Pods-Jundera/Pods-Jundera-frameworks.sh",
				"${BUILT_PRODUCTS_DIR}/GTMSessionFetcher/GTMSessionFetcher.framework",
				"${BUILT_PRODUCTS_DIR}/GoogleUtilities/GoogleUtilities.framework",
				"${BUILT_PRODUCTS_DIR}/IQKeyboardManagerSwift/IQKeyboardManagerSwift.framework",
				"${BUILT_PRODUCTS_DIR}/KILabel/KILabel.framework",
				"${BUILT_PRODUCTS_DIR}/SDWebImage/SDWebImage.framework",
				"${BUILT_PRODUCTS_DIR}/leveldb-library/leveldb.framework",
				"${BUILT_PRODUCTS_DIR}/nanopb/nanopb.framework",
			);
			name = "[CP] Embed Pods Frameworks";
			outputPaths = (
				"${TARGET_BUILD_DIR}/${FRAMEWORKS_FOLDER_PATH}/GTMSessionFetcher.framework",
				"${TARGET_BUILD_DIR}/${FRAMEWORKS_FOLDER_PATH}/GoogleUtilities.framework",
				"${TARGET_BUILD_DIR}/${FRAMEWORKS_FOLDER_PATH}/IQKeyboardManagerSwift.framework",
				"${TARGET_BUILD_DIR}/${FRAMEWORKS_FOLDER_PATH}/KILabel.framework",
				"${TARGET_BUILD_DIR}/${FRAMEWORKS_FOLDER_PATH}/SDWebImage.framework",
				"${TARGET_BUILD_DIR}/${FRAMEWORKS_FOLDER_PATH}/leveldb.framework",
				"${TARGET_BUILD_DIR}/${FRAMEWORKS_FOLDER_PATH}/nanopb.framework",
			);
			runOnlyForDeploymentPostprocessing = 0;
			shellPath = /bin/sh;
			shellScript = "\"${SRCROOT}/Pods/Target Support Files/Pods-Jundera/Pods-Jundera-frameworks.sh\"\n";
			showEnvVarsInLog = 0;
		};
		0A7F89A4C8C2285056E0EDA4 /* [CP] Check Pods Manifest.lock */ = {
			isa = PBXShellScriptBuildPhase;
			buildActionMask = 2147483647;
			files = (
			);
			inputPaths = (
				"${PODS_PODFILE_DIR_PATH}/Podfile.lock",
				"${PODS_ROOT}/Manifest.lock",
			);
			name = "[CP] Check Pods Manifest.lock";
			outputPaths = (
				"$(DERIVED_FILE_DIR)/Pods-Jundera-checkManifestLockResult.txt",
			);
			runOnlyForDeploymentPostprocessing = 0;
			shellPath = /bin/sh;
			shellScript = "diff \"${PODS_PODFILE_DIR_PATH}/Podfile.lock\" \"${PODS_ROOT}/Manifest.lock\" > /dev/null\nif [ $? != 0 ] ; then\n    # print error to STDERR\n    echo \"error: The sandbox is not in sync with the Podfile.lock. Run 'pod install' or update your CocoaPods installation.\" >&2\n    exit 1\nfi\n# This output is used by Xcode 'outputs' to avoid re-running this script phase.\necho \"SUCCESS\" > \"${SCRIPT_OUTPUT_FILE_0}\"\n";
			showEnvVarsInLog = 0;
		};
/* End PBXShellScriptBuildPhase section */

/* Begin PBXSourcesBuildPhase section */
		77F1EF32211B837300A6F736 /* Sources */ = {
			isa = PBXSourcesBuildPhase;
			buildActionMask = 2147483647;
			files = (
				77EE5278211BDCFF0065E364 /* SettingTableViewController.swift in Sources */,
				7764D9B9219240DB00F7EFE1 /* SearchTableViewCell.swift in Sources */,
				77EE525D211BDCF60065E364 /* HeaderProfileCollectionReusableView.swift in Sources */,
				770B4A27218909C40015D6AA /* LifestyleViewController.swift in Sources */,
				77EE5246211BDC790065E364 /* Api.swift in Sources */,
				779AC65221B1B86500F108AC /* BlockingApi.swift in Sources */,
				77EE527A211BDCFF0065E364 /* CreatePostViewController.swift in Sources */,
				77EE5241211BDC790065E364 /* MyPostsApi.swift in Sources */,
				77EE5253211BDCD90065E364 /* User.swift in Sources */,
				77EE527C211BDCFF0065E364 /* SavedPostsViewController.swift in Sources */,
				77EE525C211BDCF60065E364 /* ProfilePosts.swift in Sources */,
				77EE5276211BDCFF0065E364 /* SignInViewController.swift in Sources */,
				779AC49721765FFD000BE905 /* DetailPostTableViewCell.swift in Sources */,
				77EE5274211BDCFF0065E364 /* ProfileUserViewController.swift in Sources */,
				77EE5279211BDCFF0065E364 /* SearchViewController.swift in Sources */,
				77BE162521B0BB9000609F20 /* BeautyViewController.swift in Sources */,
				77EE524B211BDCB70065E364 /* AuthService.swift in Sources */,
				77EE525F211BDCF60065E364 /* HomeTableViewCell.swift in Sources */,
				775B18E5219D043600F74EE2 /* TopicDetailCollectionViewCell.swift in Sources */,
				77F1EF3A211B837300A6F736 /* AppDelegate.swift in Sources */,
				77EE5272211BDCFF0065E364 /* DetailViewController.swift in Sources */,
				7724B23A212A8F9C0071C460 /* UserSettingsTableViewController.swift in Sources */,
				77EE5273211BDCFF0065E364 /* HomeViewController.swift in Sources */,
				7764D9BB21927F2B00F7EFE1 /* Hashtag.swift in Sources */,
				77BE161921B0BB4B00609F20 /* FoodViewController.swift in Sources */,
				77EE5244211BDC790065E364 /* PostApi.swift in Sources */,
				77EE524D211BDCCC0065E364 /* Config.swift in Sources */,
				77BE162121B0BB7A00609F20 /* FinanceViewController.swift in Sources */,
				77EE5252211BDCD90065E364 /* Post.swift in Sources */,
				77EE524A211BDCB70065E364 /* HelperService.swift in Sources */,
				77EE5270211BDCFF0065E364 /* SignUpViewController.swift in Sources */,
				779AC65921B1FBF500F108AC /* BlockingHelper.swift in Sources */,
				77BE161F21B0BB6B00609F20 /* EducationViewController.swift in Sources */,
				77EE5243211BDC790065E364 /* UserApi.swift in Sources */,
				77BE161B21B0BB5600609F20 /* PoliticsViewController.swift in Sources */,
				7779570E2187B93100A671C2 /* SavedPostsCollectionViewCell.swift in Sources */,
				77BE161D21B0BB6100609F20 /* MediaViewController.swift in Sources */,
				77EE5242211BDC790065E364 /* FeedApi.swift in Sources */,
				77BE162321B0BB8700609F20 /* HealthViewController.swift in Sources */,
				77BE161521B0B38000609F20 /* TechViewController.swift in Sources */,
				779AC4932175828E000BE905 /* Extensions.swift in Sources */,
				77EE523F211BDC790065E364 /* FollowApi.swift in Sources */,
				77EE527B211BDCFF0065E364 /* ProfileViewController.swift in Sources */,
				77D73389218BD0010090D8DC /* ReportBugViewController.swift in Sources */,
				77BE161721B0BB3F00609F20 /* TravelViewController.swift in Sources */,
				778D2A15218F9432007CA6CD /* HelpViewController.swift in Sources */,
				7776DC3021814B3700542D2C /* MySavedPostsApi.swift in Sources */,
				77EE525B211BDCF60065E364 /* PeopleTableViewCell.swift in Sources */,
				7799A1F3217900B500A1DF91 /* TopicImageCollectionViewCell.swift in Sources */,
				77EE5247211BDC790065E364 /* HashTagApi.swift in Sources */,
			);
			runOnlyForDeploymentPostprocessing = 0;
		};
		77F1EF46211B837500A6F736 /* Sources */ = {
			isa = PBXSourcesBuildPhase;
			buildActionMask = 2147483647;
			files = (
				77F1EF4F211B837500A6F736 /* JunderaTests.swift in Sources */,
			);
			runOnlyForDeploymentPostprocessing = 0;
		};
/* End PBXSourcesBuildPhase section */

/* Begin PBXTargetDependency section */
		77F1EF4C211B837500A6F736 /* PBXTargetDependency */ = {
			isa = PBXTargetDependency;
			target = 77F1EF35211B837300A6F736 /* Jundera */;
			targetProxy = 77F1EF4B211B837500A6F736 /* PBXContainerItemProxy */;
		};
/* End PBXTargetDependency section */

/* Begin XCBuildConfiguration section */
		77F1EF51211B837500A6F736 /* Debug */ = {
			isa = XCBuildConfiguration;
			buildSettings = {
				ALWAYS_SEARCH_USER_PATHS = NO;
				CLANG_ANALYZER_NONNULL = YES;
				CLANG_ANALYZER_NUMBER_OBJECT_CONVERSION = YES_AGGRESSIVE;
				CLANG_CXX_LANGUAGE_STANDARD = "gnu++14";
				CLANG_CXX_LIBRARY = "libc++";
				CLANG_ENABLE_MODULES = YES;
				CLANG_ENABLE_OBJC_ARC = YES;
				CLANG_ENABLE_OBJC_WEAK = YES;
				CLANG_WARN_BLOCK_CAPTURE_AUTORELEASING = YES;
				CLANG_WARN_BOOL_CONVERSION = YES;
				CLANG_WARN_COMMA = YES;
				CLANG_WARN_CONSTANT_CONVERSION = YES;
				CLANG_WARN_DEPRECATED_OBJC_IMPLEMENTATIONS = YES;
				CLANG_WARN_DIRECT_OBJC_ISA_USAGE = YES_ERROR;
				CLANG_WARN_DOCUMENTATION_COMMENTS = YES;
				CLANG_WARN_EMPTY_BODY = YES;
				CLANG_WARN_ENUM_CONVERSION = YES;
				CLANG_WARN_INFINITE_RECURSION = YES;
				CLANG_WARN_INT_CONVERSION = YES;
				CLANG_WARN_NON_LITERAL_NULL_CONVERSION = YES;
				CLANG_WARN_OBJC_IMPLICIT_RETAIN_SELF = YES;
				CLANG_WARN_OBJC_LITERAL_CONVERSION = YES;
				CLANG_WARN_OBJC_ROOT_CLASS = YES_ERROR;
				CLANG_WARN_RANGE_LOOP_ANALYSIS = YES;
				CLANG_WARN_STRICT_PROTOTYPES = YES;
				CLANG_WARN_SUSPICIOUS_MOVE = YES;
				CLANG_WARN_UNGUARDED_AVAILABILITY = YES_AGGRESSIVE;
				CLANG_WARN_UNREACHABLE_CODE = YES;
				CLANG_WARN__DUPLICATE_METHOD_MATCH = YES;
				CODE_SIGN_IDENTITY = "iPhone Developer";
				COPY_PHASE_STRIP = NO;
				DEBUG_INFORMATION_FORMAT = dwarf;
				ENABLE_STRICT_OBJC_MSGSEND = YES;
				ENABLE_TESTABILITY = YES;
				GCC_C_LANGUAGE_STANDARD = gnu11;
				GCC_DYNAMIC_NO_PIC = NO;
				GCC_NO_COMMON_BLOCKS = YES;
				GCC_OPTIMIZATION_LEVEL = 0;
				GCC_PREPROCESSOR_DEFINITIONS = (
					"DEBUG=1",
					"$(inherited)",
				);
				GCC_WARN_64_TO_32_BIT_CONVERSION = YES;
				GCC_WARN_ABOUT_RETURN_TYPE = YES_ERROR;
				GCC_WARN_UNDECLARED_SELECTOR = YES;
				GCC_WARN_UNINITIALIZED_AUTOS = YES_AGGRESSIVE;
				GCC_WARN_UNUSED_FUNCTION = YES;
				GCC_WARN_UNUSED_VARIABLE = YES;
				IPHONEOS_DEPLOYMENT_TARGET = 11.4;
				MTL_ENABLE_DEBUG_INFO = YES;
				ONLY_ACTIVE_ARCH = YES;
				SDKROOT = iphoneos;
				SWIFT_ACTIVE_COMPILATION_CONDITIONS = DEBUG;
				SWIFT_OPTIMIZATION_LEVEL = "-Onone";
			};
			name = Debug;
		};
		77F1EF52211B837500A6F736 /* Release */ = {
			isa = XCBuildConfiguration;
			buildSettings = {
				ALWAYS_SEARCH_USER_PATHS = NO;
				CLANG_ANALYZER_NONNULL = YES;
				CLANG_ANALYZER_NUMBER_OBJECT_CONVERSION = YES_AGGRESSIVE;
				CLANG_CXX_LANGUAGE_STANDARD = "gnu++14";
				CLANG_CXX_LIBRARY = "libc++";
				CLANG_ENABLE_MODULES = YES;
				CLANG_ENABLE_OBJC_ARC = YES;
				CLANG_ENABLE_OBJC_WEAK = YES;
				CLANG_WARN_BLOCK_CAPTURE_AUTORELEASING = YES;
				CLANG_WARN_BOOL_CONVERSION = YES;
				CLANG_WARN_COMMA = YES;
				CLANG_WARN_CONSTANT_CONVERSION = YES;
				CLANG_WARN_DEPRECATED_OBJC_IMPLEMENTATIONS = YES;
				CLANG_WARN_DIRECT_OBJC_ISA_USAGE = YES_ERROR;
				CLANG_WARN_DOCUMENTATION_COMMENTS = YES;
				CLANG_WARN_EMPTY_BODY = YES;
				CLANG_WARN_ENUM_CONVERSION = YES;
				CLANG_WARN_INFINITE_RECURSION = YES;
				CLANG_WARN_INT_CONVERSION = YES;
				CLANG_WARN_NON_LITERAL_NULL_CONVERSION = YES;
				CLANG_WARN_OBJC_IMPLICIT_RETAIN_SELF = YES;
				CLANG_WARN_OBJC_LITERAL_CONVERSION = YES;
				CLANG_WARN_OBJC_ROOT_CLASS = YES_ERROR;
				CLANG_WARN_RANGE_LOOP_ANALYSIS = YES;
				CLANG_WARN_STRICT_PROTOTYPES = YES;
				CLANG_WARN_SUSPICIOUS_MOVE = YES;
				CLANG_WARN_UNGUARDED_AVAILABILITY = YES_AGGRESSIVE;
				CLANG_WARN_UNREACHABLE_CODE = YES;
				CLANG_WARN__DUPLICATE_METHOD_MATCH = YES;
				CODE_SIGN_IDENTITY = "iPhone Developer";
				COPY_PHASE_STRIP = NO;
				DEBUG_INFORMATION_FORMAT = "dwarf-with-dsym";
				ENABLE_NS_ASSERTIONS = NO;
				ENABLE_STRICT_OBJC_MSGSEND = YES;
				GCC_C_LANGUAGE_STANDARD = gnu11;
				GCC_NO_COMMON_BLOCKS = YES;
				GCC_WARN_64_TO_32_BIT_CONVERSION = YES;
				GCC_WARN_ABOUT_RETURN_TYPE = YES_ERROR;
				GCC_WARN_UNDECLARED_SELECTOR = YES;
				GCC_WARN_UNINITIALIZED_AUTOS = YES_AGGRESSIVE;
				GCC_WARN_UNUSED_FUNCTION = YES;
				GCC_WARN_UNUSED_VARIABLE = YES;
				IPHONEOS_DEPLOYMENT_TARGET = 11.4;
				MTL_ENABLE_DEBUG_INFO = NO;
				SDKROOT = iphoneos;
				SWIFT_COMPILATION_MODE = wholemodule;
				SWIFT_OPTIMIZATION_LEVEL = "-O";
				VALIDATE_PRODUCT = YES;
			};
			name = Release;
		};
		77F1EF54211B837500A6F736 /* Debug */ = {
			isa = XCBuildConfiguration;
			baseConfigurationReference = 9FC0B253E598B62A10199A9C /* Pods-Jundera.debug.xcconfig */;
			buildSettings = {
				ASSETCATALOG_COMPILER_APPICON_NAME = AppIcon;
				CLANG_ENABLE_MODULES = YES;
				CODE_SIGN_STYLE = Automatic;
				DEVELOPMENT_TEAM = A6GUQ7XNWR;
				INFOPLIST_FILE = Jundera/Info.plist;
				LD_RUNPATH_SEARCH_PATHS = (
					"$(inherited)",
					"@executable_path/Frameworks",
				);
				PRODUCT_BUNDLE_IDENTIFIER = com.ginadlr.balapoint;
				PRODUCT_NAME = Balapoint;
				SWIFT_OPTIMIZATION_LEVEL = "-Onone";
				SWIFT_VERSION = 4.0;
				TARGETED_DEVICE_FAMILY = 1;
			};
			name = Debug;
		};
		77F1EF55211B837500A6F736 /* Release */ = {
			isa = XCBuildConfiguration;
			baseConfigurationReference = 1687317C2DCB1D48B0D1D476 /* Pods-Jundera.release.xcconfig */;
			buildSettings = {
				ASSETCATALOG_COMPILER_APPICON_NAME = AppIcon;
				CLANG_ENABLE_MODULES = YES;
				CODE_SIGN_STYLE = Automatic;
				DEVELOPMENT_TEAM = A6GUQ7XNWR;
				INFOPLIST_FILE = Jundera/Info.plist;
				LD_RUNPATH_SEARCH_PATHS = (
					"$(inherited)",
					"@executable_path/Frameworks",
				);
				PRODUCT_BUNDLE_IDENTIFIER = com.ginadlr.balapoint;
				PRODUCT_NAME = Balapoint;
				SWIFT_VERSION = 4.0;
				TARGETED_DEVICE_FAMILY = 1;
			};
			name = Release;
		};
		77F1EF57211B837500A6F736 /* Debug */ = {
			isa = XCBuildConfiguration;
			buildSettings = {
				ALWAYS_EMBED_SWIFT_STANDARD_LIBRARIES = YES;
				BUNDLE_LOADER = "$(TEST_HOST)";
				CODE_SIGN_STYLE = Automatic;
				DEVELOPMENT_TEAM = A6GUQ7XNWR;
				INFOPLIST_FILE = JunderaTests/Info.plist;
				LD_RUNPATH_SEARCH_PATHS = (
					"$(inherited)",
					"@executable_path/Frameworks",
					"@loader_path/Frameworks",
				);
				PRODUCT_BUNDLE_IDENTIFIER = com.ginadlr.JunderaTests;
				PRODUCT_NAME = "$(TARGET_NAME)";
				SWIFT_VERSION = 4.0;
				TARGETED_DEVICE_FAMILY = "1,2";
				TEST_HOST = "$(BUILT_PRODUCTS_DIR)/Jundera.app/Jundera";
			};
			name = Debug;
		};
		77F1EF58211B837500A6F736 /* Release */ = {
			isa = XCBuildConfiguration;
			buildSettings = {
				ALWAYS_EMBED_SWIFT_STANDARD_LIBRARIES = YES;
				BUNDLE_LOADER = "$(TEST_HOST)";
				CODE_SIGN_STYLE = Automatic;
				DEVELOPMENT_TEAM = A6GUQ7XNWR;
				INFOPLIST_FILE = JunderaTests/Info.plist;
				LD_RUNPATH_SEARCH_PATHS = (
					"$(inherited)",
					"@executable_path/Frameworks",
					"@loader_path/Frameworks",
				);
				PRODUCT_BUNDLE_IDENTIFIER = com.ginadlr.JunderaTests;
				PRODUCT_NAME = "$(TARGET_NAME)";
				SWIFT_VERSION = 4.0;
				TARGETED_DEVICE_FAMILY = "1,2";
				TEST_HOST = "$(BUILT_PRODUCTS_DIR)/Jundera.app/Jundera";
			};
			name = Release;
		};
/* End XCBuildConfiguration section */

/* Begin XCConfigurationList section */
		77F1EF31211B837300A6F736 /* Build configuration list for PBXProject "Balapoint" */ = {
			isa = XCConfigurationList;
			buildConfigurations = (
				77F1EF51211B837500A6F736 /* Debug */,
				77F1EF52211B837500A6F736 /* Release */,
			);
			defaultConfigurationIsVisible = 0;
			defaultConfigurationName = Release;
		};
		77F1EF53211B837500A6F736 /* Build configuration list for PBXNativeTarget "Jundera" */ = {
			isa = XCConfigurationList;
			buildConfigurations = (
				77F1EF54211B837500A6F736 /* Debug */,
				77F1EF55211B837500A6F736 /* Release */,
			);
			defaultConfigurationIsVisible = 0;
			defaultConfigurationName = Release;
		};
		77F1EF56211B837500A6F736 /* Build configuration list for PBXNativeTarget "JunderaTests" */ = {
			isa = XCConfigurationList;
			buildConfigurations = (
				77F1EF57211B837500A6F736 /* Debug */,
				77F1EF58211B837500A6F736 /* Release */,
			);
			defaultConfigurationIsVisible = 0;
			defaultConfigurationName = Release;
		};
/* End XCConfigurationList section */
	};
	rootObject = 77F1EF2E211B837300A6F736 /* Project object */;
}
